// !$*UTF8*$!
{
	archiveVersion = 1;
	classes = {
	};
	objectVersion = 50;
	objects = {

/* Begin PBXBuildFile section */
		0CC5C1E685E98AB58B7E7DA7 /* Pods_Ready.framework in Frameworks */ = {isa = PBXBuildFile; fileRef = 046455DA37A83E7BF2F2F27A /* Pods_Ready.framework */; };
		277A402422214F59006C65CC /* APIPaths.swift in Sources */ = {isa = PBXBuildFile; fileRef = 277A402322214F59006C65CC /* APIPaths.swift */; };
		277A4026222150FA006C65CC /* GetRequest.swift in Sources */ = {isa = PBXBuildFile; fileRef = 277A4025222150FA006C65CC /* GetRequest.swift */; };
		277A4027222150FA006C65CC /* GetRequest.swift in Sources */ = {isa = PBXBuildFile; fileRef = 277A4025222150FA006C65CC /* GetRequest.swift */; };
		277A402822215422006C65CC /* APIPaths.swift in Sources */ = {isa = PBXBuildFile; fileRef = 277A402322214F59006C65CC /* APIPaths.swift */; };
		277A402A222164B1006C65CC /* Coordinator.swift in Sources */ = {isa = PBXBuildFile; fileRef = 277A4029222164B1006C65CC /* Coordinator.swift */; };
		277A402C2221650A006C65CC /* AppCoordinator.swift in Sources */ = {isa = PBXBuildFile; fileRef = 277A402B2221650A006C65CC /* AppCoordinator.swift */; };
		277A402D222167CC006C65CC /* AppDelegate.swift in Sources */ = {isa = PBXBuildFile; fileRef = 27E7FAAB221F3AF7004E87E8 /* AppDelegate.swift */; };
		277A402E222167CE006C65CC /* AppCoordinator.swift in Sources */ = {isa = PBXBuildFile; fileRef = 277A402B2221650A006C65CC /* AppCoordinator.swift */; };
		277A402F222167DE006C65CC /* Coordinator.swift in Sources */ = {isa = PBXBuildFile; fileRef = 277A4029222164B1006C65CC /* Coordinator.swift */; };
		277A4031222167FA006C65CC /* ContainerViewController.swift in Sources */ = {isa = PBXBuildFile; fileRef = 277A4030222167FA006C65CC /* ContainerViewController.swift */; };
		277A403522216DD3006C65CC /* ContainerViewController.swift in Sources */ = {isa = PBXBuildFile; fileRef = 277A4030222167FA006C65CC /* ContainerViewController.swift */; };
		277A403722216E96006C65CC /* MainNavigationController.swift in Sources */ = {isa = PBXBuildFile; fileRef = 277A403622216E96006C65CC /* MainNavigationController.swift */; };
		277A403922216EC5006C65CC /* MainCoordinator.swift in Sources */ = {isa = PBXBuildFile; fileRef = 277A403822216EC5006C65CC /* MainCoordinator.swift */; };
		277A403A22216EC7006C65CC /* MainCoordinator.swift in Sources */ = {isa = PBXBuildFile; fileRef = 277A403822216EC5006C65CC /* MainCoordinator.swift */; };
		277A403B222170C4006C65CC /* MainNavigationController.swift in Sources */ = {isa = PBXBuildFile; fileRef = 277A403622216E96006C65CC /* MainNavigationController.swift */; };
		277A403C22217126006C65CC /* Main.storyboard in Resources */ = {isa = PBXBuildFile; fileRef = 27E7FAAF221F3AF7004E87E8 /* Main.storyboard */; };
		277A403E2221735D006C65CC /* CommonErrors.swift in Sources */ = {isa = PBXBuildFile; fileRef = 277A403D2221735D006C65CC /* CommonErrors.swift */; };
		277A4040222178FD006C65CC /* RepoViewModel.swift in Sources */ = {isa = PBXBuildFile; fileRef = 277A403F222178FD006C65CC /* RepoViewModel.swift */; };
		277A404322217A32006C65CC /* JsonKeys.strings in Resources */ = {isa = PBXBuildFile; fileRef = 277A404222217A32006C65CC /* JsonKeys.strings */; };
		277A404422217A32006C65CC /* JsonKeys.strings in Resources */ = {isa = PBXBuildFile; fileRef = 277A404222217A32006C65CC /* JsonKeys.strings */; };
		277A404522217AEA006C65CC /* RepoViewModel.swift in Sources */ = {isa = PBXBuildFile; fileRef = 277A403F222178FD006C65CC /* RepoViewModel.swift */; };
		277A404722219EE5006C65CC /* RepoDetailsViewController.swift in Sources */ = {isa = PBXBuildFile; fileRef = 277A404622219EE5006C65CC /* RepoDetailsViewController.swift */; };
		277A404822219EE5006C65CC /* RepoDetailsViewController.swift in Sources */ = {isa = PBXBuildFile; fileRef = 277A404622219EE5006C65CC /* RepoDetailsViewController.swift */; };
		277A404B2221A12A006C65CC /* RepoDetailsViewModel.swift in Sources */ = {isa = PBXBuildFile; fileRef = 277A404A2221A12A006C65CC /* RepoDetailsViewModel.swift */; };
		277A404C2221A12A006C65CC /* RepoDetailsViewModel.swift in Sources */ = {isa = PBXBuildFile; fileRef = 277A404A2221A12A006C65CC /* RepoDetailsViewModel.swift */; };
		277A404D2221A81F006C65CC /* Assets.xcassets in Resources */ = {isa = PBXBuildFile; fileRef = 27E7FAB2221F3AF9004E87E8 /* Assets.xcassets */; };
		277A404E2221F793006C65CC /* CommonErrors.swift in Sources */ = {isa = PBXBuildFile; fileRef = 277A403D2221735D006C65CC /* CommonErrors.swift */; };
		277A405122227DC9006C65CC /* JSONErrrors.swift in Sources */ = {isa = PBXBuildFile; fileRef = 277A405022227DC9006C65CC /* JSONErrrors.swift */; };
		277A405222227E1F006C65CC /* JSONErrrors.swift in Sources */ = {isa = PBXBuildFile; fileRef = 277A405022227DC9006C65CC /* JSONErrrors.swift */; };
		277A40542222807B006C65CC /* ErrorView.xib in Resources */ = {isa = PBXBuildFile; fileRef = 277A40532222807B006C65CC /* ErrorView.xib */; };
		277A4057222280A9006C65CC /* ErrorView.swift in Sources */ = {isa = PBXBuildFile; fileRef = 277A4056222280A9006C65CC /* ErrorView.swift */; };
		277A4058222280A9006C65CC /* ErrorView.swift in Sources */ = {isa = PBXBuildFile; fileRef = 277A4056222280A9006C65CC /* ErrorView.swift */; };
		277A4059222280AE006C65CC /* ErrorView.xib in Resources */ = {isa = PBXBuildFile; fileRef = 277A40532222807B006C65CC /* ErrorView.xib */; };
		27E7FAAC221F3AF7004E87E8 /* AppDelegate.swift in Sources */ = {isa = PBXBuildFile; fileRef = 27E7FAAB221F3AF7004E87E8 /* AppDelegate.swift */; };
		27E7FAAE221F3AF7004E87E8 /* MainViewController.swift in Sources */ = {isa = PBXBuildFile; fileRef = 27E7FAAD221F3AF7004E87E8 /* MainViewController.swift */; };
		27E7FAB1221F3AF7004E87E8 /* Main.storyboard in Resources */ = {isa = PBXBuildFile; fileRef = 27E7FAAF221F3AF7004E87E8 /* Main.storyboard */; };
		27E7FAB3221F3AF9004E87E8 /* Assets.xcassets in Resources */ = {isa = PBXBuildFile; fileRef = 27E7FAB2221F3AF9004E87E8 /* Assets.xcassets */; };
		27E7FAB6221F3AF9004E87E8 /* LaunchScreen.storyboard in Resources */ = {isa = PBXBuildFile; fileRef = 27E7FAB4221F3AF9004E87E8 /* LaunchScreen.storyboard */; };
		27E7FAC1221F3AF9004E87E8 /* ReadyTests.swift in Sources */ = {isa = PBXBuildFile; fileRef = 27E7FAC0221F3AF9004E87E8 /* ReadyTests.swift */; };
		27E7FACF221F43F5004E87E8 /* R.generated.swift in Sources */ = {isa = PBXBuildFile; fileRef = 27E7FACE221F43F5004E87E8 /* R.generated.swift */; };
		27E7FAD0221F43F5004E87E8 /* R.generated.swift in Sources */ = {isa = PBXBuildFile; fileRef = 27E7FACE221F43F5004E87E8 /* R.generated.swift */; };
		27E7FAD3221F44F1004E87E8 /* AndroidRepoCell.swift in Sources */ = {isa = PBXBuildFile; fileRef = 27E7FAD2221F44F1004E87E8 /* AndroidRepoCell.swift */; };
		27E7FAD4221F44F1004E87E8 /* AndroidRepoCell.swift in Sources */ = {isa = PBXBuildFile; fileRef = 27E7FAD2221F44F1004E87E8 /* AndroidRepoCell.swift */; };
		27E7FAD5221F4682004E87E8 /* MainViewController.swift in Sources */ = {isa = PBXBuildFile; fileRef = 27E7FAAD221F3AF7004E87E8 /* MainViewController.swift */; };
		58810D33E90177D03849515B /* Pods_ReadyTests.framework in Frameworks */ = {isa = PBXBuildFile; fileRef = 15B36EE4DC49EF6EC0FF61BA /* Pods_ReadyTests.framework */; };
/* End PBXBuildFile section */

/* Begin PBXContainerItemProxy section */
		27E7FABD221F3AF9004E87E8 /* PBXContainerItemProxy */ = {
			isa = PBXContainerItemProxy;
			containerPortal = 27E7FAA0221F3AF7004E87E8 /* Project object */;
			proxyType = 1;
			remoteGlobalIDString = 27E7FAA7221F3AF7004E87E8;
			remoteInfo = Ready;
		};
/* End PBXContainerItemProxy section */

/* Begin PBXFileReference section */
		046455DA37A83E7BF2F2F27A /* Pods_Ready.framework */ = {isa = PBXFileReference; explicitFileType = wrapper.framework; includeInIndex = 0; path = Pods_Ready.framework; sourceTree = BUILT_PRODUCTS_DIR; };
		15B36EE4DC49EF6EC0FF61BA /* Pods_ReadyTests.framework */ = {isa = PBXFileReference; explicitFileType = wrapper.framework; includeInIndex = 0; path = Pods_ReadyTests.framework; sourceTree = BUILT_PRODUCTS_DIR; };
		277A402322214F59006C65CC /* APIPaths.swift */ = {isa = PBXFileReference; lastKnownFileType = sourcecode.swift; path = APIPaths.swift; sourceTree = "<group>"; };
		277A4025222150FA006C65CC /* GetRequest.swift */ = {isa = PBXFileReference; lastKnownFileType = sourcecode.swift; path = GetRequest.swift; sourceTree = "<group>"; };
		277A4029222164B1006C65CC /* Coordinator.swift */ = {isa = PBXFileReference; lastKnownFileType = sourcecode.swift; path = Coordinator.swift; sourceTree = "<group>"; };
		277A402B2221650A006C65CC /* AppCoordinator.swift */ = {isa = PBXFileReference; lastKnownFileType = sourcecode.swift; path = AppCoordinator.swift; sourceTree = "<group>"; };
		277A4030222167FA006C65CC /* ContainerViewController.swift */ = {isa = PBXFileReference; lastKnownFileType = sourcecode.swift; path = ContainerViewController.swift; sourceTree = "<group>"; };
		277A403622216E96006C65CC /* MainNavigationController.swift */ = {isa = PBXFileReference; lastKnownFileType = sourcecode.swift; path = MainNavigationController.swift; sourceTree = "<group>"; };
		277A403822216EC5006C65CC /* MainCoordinator.swift */ = {isa = PBXFileReference; lastKnownFileType = sourcecode.swift; path = MainCoordinator.swift; sourceTree = "<group>"; };
		277A403D2221735D006C65CC /* CommonErrors.swift */ = {isa = PBXFileReference; lastKnownFileType = sourcecode.swift; path = CommonErrors.swift; sourceTree = "<group>"; };
		277A403F222178FD006C65CC /* RepoViewModel.swift */ = {isa = PBXFileReference; lastKnownFileType = sourcecode.swift; path = RepoViewModel.swift; sourceTree = "<group>"; };
		277A404222217A32006C65CC /* JsonKeys.strings */ = {isa = PBXFileReference; lastKnownFileType = text.plist.strings; path = JsonKeys.strings; sourceTree = "<group>"; };
		277A404622219EE5006C65CC /* RepoDetailsViewController.swift */ = {isa = PBXFileReference; lastKnownFileType = sourcecode.swift; path = RepoDetailsViewController.swift; sourceTree = "<group>"; };
		277A404A2221A12A006C65CC /* RepoDetailsViewModel.swift */ = {isa = PBXFileReference; lastKnownFileType = sourcecode.swift; path = RepoDetailsViewModel.swift; sourceTree = "<group>"; };
		277A405022227DC9006C65CC /* JSONErrrors.swift */ = {isa = PBXFileReference; lastKnownFileType = sourcecode.swift; path = JSONErrrors.swift; sourceTree = "<group>"; };
		277A40532222807B006C65CC /* ErrorView.xib */ = {isa = PBXFileReference; lastKnownFileType = file.xib; path = ErrorView.xib; sourceTree = "<group>"; };
		277A4056222280A9006C65CC /* ErrorView.swift */ = {isa = PBXFileReference; lastKnownFileType = sourcecode.swift; path = ErrorView.swift; sourceTree = "<group>"; };
		27E7FAA8221F3AF7004E87E8 /* Ready.app */ = {isa = PBXFileReference; explicitFileType = wrapper.application; includeInIndex = 0; path = Ready.app; sourceTree = BUILT_PRODUCTS_DIR; };
		27E7FAAB221F3AF7004E87E8 /* AppDelegate.swift */ = {isa = PBXFileReference; lastKnownFileType = sourcecode.swift; path = AppDelegate.swift; sourceTree = "<group>"; };
		27E7FAAD221F3AF7004E87E8 /* MainViewController.swift */ = {isa = PBXFileReference; lastKnownFileType = sourcecode.swift; path = MainViewController.swift; sourceTree = "<group>"; };
		27E7FAB0221F3AF7004E87E8 /* Base */ = {isa = PBXFileReference; lastKnownFileType = file.storyboard; name = Base; path = Base.lproj/Main.storyboard; sourceTree = "<group>"; };
		27E7FAB2221F3AF9004E87E8 /* Assets.xcassets */ = {isa = PBXFileReference; lastKnownFileType = folder.assetcatalog; path = Assets.xcassets; sourceTree = "<group>"; };
		27E7FAB5221F3AF9004E87E8 /* Base */ = {isa = PBXFileReference; lastKnownFileType = file.storyboard; name = Base; path = Base.lproj/LaunchScreen.storyboard; sourceTree = "<group>"; };
		27E7FAB7221F3AF9004E87E8 /* Info.plist */ = {isa = PBXFileReference; lastKnownFileType = text.plist.xml; path = Info.plist; sourceTree = "<group>"; };
		27E7FABC221F3AF9004E87E8 /* ReadyTests.xctest */ = {isa = PBXFileReference; explicitFileType = wrapper.cfbundle; includeInIndex = 0; path = ReadyTests.xctest; sourceTree = BUILT_PRODUCTS_DIR; };
		27E7FAC0221F3AF9004E87E8 /* ReadyTests.swift */ = {isa = PBXFileReference; lastKnownFileType = sourcecode.swift; path = ReadyTests.swift; sourceTree = "<group>"; };
		27E7FAC2221F3AF9004E87E8 /* Info.plist */ = {isa = PBXFileReference; lastKnownFileType = text.plist.xml; path = Info.plist; sourceTree = "<group>"; };
		27E7FACE221F43F5004E87E8 /* R.generated.swift */ = {isa = PBXFileReference; fileEncoding = 4; lastKnownFileType = sourcecode.swift; path = R.generated.swift; sourceTree = "<group>"; };
		27E7FAD2221F44F1004E87E8 /* AndroidRepoCell.swift */ = {isa = PBXFileReference; lastKnownFileType = sourcecode.swift; path = AndroidRepoCell.swift; sourceTree = "<group>"; };
		6DF5CA6FD70323DE4B583D06 /* Pods-Ready.release.xcconfig */ = {isa = PBXFileReference; includeInIndex = 1; lastKnownFileType = text.xcconfig; name = "Pods-Ready.release.xcconfig"; path = "Pods/Target Support Files/Pods-Ready/Pods-Ready.release.xcconfig"; sourceTree = "<group>"; };
		740B938002B7E4FA6A8AFAD6 /* Pods-ReadyTests.release.xcconfig */ = {isa = PBXFileReference; includeInIndex = 1; lastKnownFileType = text.xcconfig; name = "Pods-ReadyTests.release.xcconfig"; path = "Pods/Target Support Files/Pods-ReadyTests/Pods-ReadyTests.release.xcconfig"; sourceTree = "<group>"; };
		B7A902E099B16A425F5F4560 /* Pods-ReadyTests.debug.xcconfig */ = {isa = PBXFileReference; includeInIndex = 1; lastKnownFileType = text.xcconfig; name = "Pods-ReadyTests.debug.xcconfig"; path = "Pods/Target Support Files/Pods-ReadyTests/Pods-ReadyTests.debug.xcconfig"; sourceTree = "<group>"; };
		B7FDA528F9661C105304132A /* Pods-Ready.debug.xcconfig */ = {isa = PBXFileReference; includeInIndex = 1; lastKnownFileType = text.xcconfig; name = "Pods-Ready.debug.xcconfig"; path = "Pods/Target Support Files/Pods-Ready/Pods-Ready.debug.xcconfig"; sourceTree = "<group>"; };
/* End PBXFileReference section */

/* Begin PBXFrameworksBuildPhase section */
		27E7FAA5221F3AF7004E87E8 /* Frameworks */ = {
			isa = PBXFrameworksBuildPhase;
			buildActionMask = 2147483647;
			files = (
				0CC5C1E685E98AB58B7E7DA7 /* Pods_Ready.framework in Frameworks */,
			);
			runOnlyForDeploymentPostprocessing = 0;
		};
		27E7FAB9221F3AF9004E87E8 /* Frameworks */ = {
			isa = PBXFrameworksBuildPhase;
			buildActionMask = 2147483647;
			files = (
				58810D33E90177D03849515B /* Pods_ReadyTests.framework in Frameworks */,
			);
			runOnlyForDeploymentPostprocessing = 0;
		};
/* End PBXFrameworksBuildPhase section */

/* Begin PBXGroup section */
		277A402222214F21006C65CC /* APICommunication */ = {
			isa = PBXGroup;
			children = (
				277A402322214F59006C65CC /* APIPaths.swift */,
				277A4025222150FA006C65CC /* GetRequest.swift */,
			);
			path = APICommunication;
			sourceTree = "<group>";
		};
		277A404122217A0B006C65CC /* API */ = {
			isa = PBXGroup;
			children = (
				277A402222214F21006C65CC /* APICommunication */,
				277A404222217A32006C65CC /* JsonKeys.strings */,
			);
			path = API;
			sourceTree = "<group>";
		};
		277A40492221A116006C65CC /* ViewModels */ = {
			isa = PBXGroup;
			children = (
				277A403F222178FD006C65CC /* RepoViewModel.swift */,
				277A404A2221A12A006C65CC /* RepoDetailsViewModel.swift */,
			);
			path = ViewModels;
			sourceTree = "<group>";
		};
		277A404F22227D98006C65CC /* Errors */ = {
			isa = PBXGroup;
			children = (
				277A403D2221735D006C65CC /* CommonErrors.swift */,
				277A405022227DC9006C65CC /* JSONErrrors.swift */,
			);
			path = Errors;
			sourceTree = "<group>";
		};
		277A405522228097006C65CC /* ErrorView */ = {
			isa = PBXGroup;
			children = (
				277A40532222807B006C65CC /* ErrorView.xib */,
				277A4056222280A9006C65CC /* ErrorView.swift */,
			);
			path = ErrorView;
			sourceTree = "<group>";
		};
		27E7FA9F221F3AF7004E87E8 = {
			isa = PBXGroup;
			children = (
				27E7FAAA221F3AF7004E87E8 /* Ready */,
				27E7FABF221F3AF9004E87E8 /* ReadyTests */,
				27E7FAA9221F3AF7004E87E8 /* Products */,
				46B1E2180745941C76D61E54 /* Pods */,
				643D86DD280601A4843A8958 /* Frameworks */,
			);
			sourceTree = "<group>";
		};
		27E7FAA9221F3AF7004E87E8 /* Products */ = {
			isa = PBXGroup;
			children = (
				27E7FAA8221F3AF7004E87E8 /* Ready.app */,
				27E7FABC221F3AF9004E87E8 /* ReadyTests.xctest */,
			);
			name = Products;
			sourceTree = "<group>";
		};
		27E7FAAA221F3AF7004E87E8 /* Ready */ = {
			isa = PBXGroup;
			children = (
				277A405522228097006C65CC /* ErrorView */,
				277A404F22227D98006C65CC /* Errors */,
				277A40492221A116006C65CC /* ViewModels */,
				277A404122217A0B006C65CC /* API */,
				27E7FAB2221F3AF9004E87E8 /* Assets.xcassets */,
				277A4030222167FA006C65CC /* ContainerViewController.swift */,
				27E7FACD221F40B5004E87E8 /* Core */,
				27E7FAD2221F44F1004E87E8 /* AndroidRepoCell.swift */,
				27E7FAB7221F3AF9004E87E8 /* Info.plist */,
				27E7FAAF221F3AF7004E87E8 /* Main.storyboard */,
				277A403822216EC5006C65CC /* MainCoordinator.swift */,
				277A403622216E96006C65CC /* MainNavigationController.swift */,
				27E7FAAD221F3AF7004E87E8 /* MainViewController.swift */,
				277A404622219EE5006C65CC /* RepoDetailsViewController.swift */,
			);
			path = Ready;
			sourceTree = "<group>";
		};
		27E7FABF221F3AF9004E87E8 /* ReadyTests */ = {
			isa = PBXGroup;
			children = (
				27E7FAC0221F3AF9004E87E8 /* ReadyTests.swift */,
				27E7FAC2221F3AF9004E87E8 /* Info.plist */,
			);
			path = ReadyTests;
			sourceTree = "<group>";
		};
		27E7FACD221F40B5004E87E8 /* Core */ = {
			isa = PBXGroup;
			children = (
				277A402B2221650A006C65CC /* AppCoordinator.swift */,
				27E7FAAB221F3AF7004E87E8 /* AppDelegate.swift */,
				277A4029222164B1006C65CC /* Coordinator.swift */,
				27E7FAB4221F3AF9004E87E8 /* LaunchScreen.storyboard */,
				27E7FACE221F43F5004E87E8 /* R.generated.swift */,
			);
			path = Core;
			sourceTree = "<group>";
		};
		46B1E2180745941C76D61E54 /* Pods */ = {
			isa = PBXGroup;
			children = (
				B7FDA528F9661C105304132A /* Pods-Ready.debug.xcconfig */,
				6DF5CA6FD70323DE4B583D06 /* Pods-Ready.release.xcconfig */,
				B7A902E099B16A425F5F4560 /* Pods-ReadyTests.debug.xcconfig */,
				740B938002B7E4FA6A8AFAD6 /* Pods-ReadyTests.release.xcconfig */,
			);
			name = Pods;
			sourceTree = "<group>";
		};
		643D86DD280601A4843A8958 /* Frameworks */ = {
			isa = PBXGroup;
			children = (
				046455DA37A83E7BF2F2F27A /* Pods_Ready.framework */,
				15B36EE4DC49EF6EC0FF61BA /* Pods_ReadyTests.framework */,
			);
			name = Frameworks;
			sourceTree = "<group>";
		};
/* End PBXGroup section */

/* Begin PBXNativeTarget section */
		27E7FAA7221F3AF7004E87E8 /* Ready */ = {
			isa = PBXNativeTarget;
			buildConfigurationList = 27E7FAC5221F3AF9004E87E8 /* Build configuration list for PBXNativeTarget "Ready" */;
			buildPhases = (
				5017E2966C4C28BD3A458A0D /* [CP] Check Pods Manifest.lock */,
				27E7FACC221F3E06004E87E8 /* ShellScript */,
				27E7FAA4221F3AF7004E87E8 /* Sources */,
				27E7FAA5221F3AF7004E87E8 /* Frameworks */,
				27E7FAA6221F3AF7004E87E8 /* Resources */,
				5CF676B2C2A7E65AD1C69AB6 /* [CP] Embed Pods Frameworks */,
			);
			buildRules = (
			);
			dependencies = (
			);
			name = Ready;
			productName = Ready;
			productReference = 27E7FAA8221F3AF7004E87E8 /* Ready.app */;
			productType = "com.apple.product-type.application";
		};
		27E7FABB221F3AF9004E87E8 /* ReadyTests */ = {
			isa = PBXNativeTarget;
			buildConfigurationList = 27E7FAC8221F3AF9004E87E8 /* Build configuration list for PBXNativeTarget "ReadyTests" */;
			buildPhases = (
				88F399D8D9473E934445265C /* [CP] Check Pods Manifest.lock */,
				27E7FAB8221F3AF9004E87E8 /* Sources */,
				27E7FAB9221F3AF9004E87E8 /* Frameworks */,
				27E7FABA221F3AF9004E87E8 /* Resources */,
			);
			buildRules = (
			);
			dependencies = (
				27E7FABE221F3AF9004E87E8 /* PBXTargetDependency */,
			);
			name = ReadyTests;
			productName = ReadyTests;
			productReference = 27E7FABC221F3AF9004E87E8 /* ReadyTests.xctest */;
			productType = "com.apple.product-type.bundle.unit-test";
		};
/* End PBXNativeTarget section */

/* Begin PBXProject section */
		27E7FAA0221F3AF7004E87E8 /* Project object */ = {
			isa = PBXProject;
			attributes = {
				LastSwiftUpdateCheck = 1010;
				LastUpgradeCheck = 1010;
				ORGANIZATIONNAME = m.ready;
				TargetAttributes = {
					27E7FAA7221F3AF7004E87E8 = {
						CreatedOnToolsVersion = 10.1;
					};
					27E7FABB221F3AF9004E87E8 = {
						CreatedOnToolsVersion = 10.1;
						TestTargetID = 27E7FAA7221F3AF7004E87E8;
					};
				};
			};
			buildConfigurationList = 27E7FAA3221F3AF7004E87E8 /* Build configuration list for PBXProject "Ready" */;
			compatibilityVersion = "Xcode 9.3";
			developmentRegion = en;
			hasScannedForEncodings = 0;
			knownRegions = (
				en,
				Base,
			);
			mainGroup = 27E7FA9F221F3AF7004E87E8;
			productRefGroup = 27E7FAA9221F3AF7004E87E8 /* Products */;
			projectDirPath = "";
			projectRoot = "";
			targets = (
				27E7FAA7221F3AF7004E87E8 /* Ready */,
				27E7FABB221F3AF9004E87E8 /* ReadyTests */,
			);
		};
/* End PBXProject section */

/* Begin PBXResourcesBuildPhase section */
		27E7FAA6221F3AF7004E87E8 /* Resources */ = {
			isa = PBXResourcesBuildPhase;
			buildActionMask = 2147483647;
			files = (
				27E7FAB6221F3AF9004E87E8 /* LaunchScreen.storyboard in Resources */,
				27E7FAB3221F3AF9004E87E8 /* Assets.xcassets in Resources */,
				277A404322217A32006C65CC /* JsonKeys.strings in Resources */,
				27E7FAB1221F3AF7004E87E8 /* Main.storyboard in Resources */,
				277A40542222807B006C65CC /* ErrorView.xib in Resources */,
			);
			runOnlyForDeploymentPostprocessing = 0;
		};
		27E7FABA221F3AF9004E87E8 /* Resources */ = {
			isa = PBXResourcesBuildPhase;
			buildActionMask = 2147483647;
			files = (
				277A404422217A32006C65CC /* JsonKeys.strings in Resources */,
				277A404D2221A81F006C65CC /* Assets.xcassets in Resources */,
				277A403C22217126006C65CC /* Main.storyboard in Resources */,
				277A4059222280AE006C65CC /* ErrorView.xib in Resources */,
			);
			runOnlyForDeploymentPostprocessing = 0;
		};
/* End PBXResourcesBuildPhase section */

/* Begin PBXShellScriptBuildPhase section */
		27E7FACC221F3E06004E87E8 /* ShellScript */ = {
			isa = PBXShellScriptBuildPhase;
			buildActionMask = 2147483647;
			files = (
			);
			inputPaths = (
				"$TEMP_DIR/rswift-lastrun",
			);
			outputPaths = (
				$SRCROOT/Ready/Core/R.generated.swift,
			);
			runOnlyForDeploymentPostprocessing = 0;
			shellPath = /bin/sh;
			shellScript = "# Type a script or drag a script file from your workspace to insert its path.\n\"$PODS_ROOT/R.swift/rswift\" generate \"$SRCROOT/Ready/Core\"\n\n";
		};
		5017E2966C4C28BD3A458A0D /* [CP] Check Pods Manifest.lock */ = {
			isa = PBXShellScriptBuildPhase;
			buildActionMask = 2147483647;
			files = (
			);
			inputPaths = (
				"${PODS_PODFILE_DIR_PATH}/Podfile.lock",
				"${PODS_ROOT}/Manifest.lock",
			);
			name = "[CP] Check Pods Manifest.lock";
			outputPaths = (
				"$(DERIVED_FILE_DIR)/Pods-Ready-checkManifestLockResult.txt",
			);
			runOnlyForDeploymentPostprocessing = 0;
			shellPath = /bin/sh;
			shellScript = "diff \"${PODS_PODFILE_DIR_PATH}/Podfile.lock\" \"${PODS_ROOT}/Manifest.lock\" > /dev/null\nif [ $? != 0 ] ; then\n    # print error to STDERR\n    echo \"error: The sandbox is not in sync with the Podfile.lock. Run 'pod install' or update your CocoaPods installation.\" >&2\n    exit 1\nfi\n# This output is used by Xcode 'outputs' to avoid re-running this script phase.\necho \"SUCCESS\" > \"${SCRIPT_OUTPUT_FILE_0}\"\n";
			showEnvVarsInLog = 0;
		};
		5CF676B2C2A7E65AD1C69AB6 /* [CP] Embed Pods Frameworks */ = {
			isa = PBXShellScriptBuildPhase;
			buildActionMask = 2147483647;
			files = (
			);
			inputPaths = (
				"${SRCROOT}/Pods/Target Support Files/Pods-Ready/Pods-Ready-frameworks.sh",
				"${BUILT_PRODUCTS_DIR}/Alamofire/Alamofire.framework",
				"${BUILT_PRODUCTS_DIR}/MarkdownView/MarkdownView.framework",
				"${BUILT_PRODUCTS_DIR}/PromiseKit/PromiseKit.framework",
				"${BUILT_PRODUCTS_DIR}/R.swift.Library/Rswift.framework",
				"${BUILT_PRODUCTS_DIR}/SVProgressHUD/SVProgressHUD.framework",
				"${BUILT_PRODUCTS_DIR}/SwiftyJSON/SwiftyJSON.framework",
			);
			name = "[CP] Embed Pods Frameworks";
			outputPaths = (
				"${TARGET_BUILD_DIR}/${FRAMEWORKS_FOLDER_PATH}/Alamofire.framework",
				"${TARGET_BUILD_DIR}/${FRAMEWORKS_FOLDER_PATH}/MarkdownView.framework",
				"${TARGET_BUILD_DIR}/${FRAMEWORKS_FOLDER_PATH}/PromiseKit.framework",
				"${TARGET_BUILD_DIR}/${FRAMEWORKS_FOLDER_PATH}/Rswift.framework",
				"${TARGET_BUILD_DIR}/${FRAMEWORKS_FOLDER_PATH}/SVProgressHUD.framework",
				"${TARGET_BUILD_DIR}/${FRAMEWORKS_FOLDER_PATH}/SwiftyJSON.framework",
			);
			runOnlyForDeploymentPostprocessing = 0;
			shellPath = /bin/sh;
			shellScript = "\"${SRCROOT}/Pods/Target Support Files/Pods-Ready/Pods-Ready-frameworks.sh\"\n";
			showEnvVarsInLog = 0;
		};
		88F399D8D9473E934445265C /* [CP] Check Pods Manifest.lock */ = {
			isa = PBXShellScriptBuildPhase;
			buildActionMask = 2147483647;
			files = (
			);
			inputPaths = (
				"${PODS_PODFILE_DIR_PATH}/Podfile.lock",
				"${PODS_ROOT}/Manifest.lock",
			);
			name = "[CP] Check Pods Manifest.lock";
			outputPaths = (
				"$(DERIVED_FILE_DIR)/Pods-ReadyTests-checkManifestLockResult.txt",
			);
			runOnlyForDeploymentPostprocessing = 0;
			shellPath = /bin/sh;
			shellScript = "diff \"${PODS_PODFILE_DIR_PATH}/Podfile.lock\" \"${PODS_ROOT}/Manifest.lock\" > /dev/null\nif [ $? != 0 ] ; then\n    # print error to STDERR\n    echo \"error: The sandbox is not in sync with the Podfile.lock. Run 'pod install' or update your CocoaPods installation.\" >&2\n    exit 1\nfi\n# This output is used by Xcode 'outputs' to avoid re-running this script phase.\necho \"SUCCESS\" > \"${SCRIPT_OUTPUT_FILE_0}\"\n";
			showEnvVarsInLog = 0;
		};
/* End PBXShellScriptBuildPhase section */

/* Begin PBXSourcesBuildPhase section */
		27E7FAA4221F3AF7004E87E8 /* Sources */ = {
			isa = PBXSourcesBuildPhase;
			buildActionMask = 2147483647;
			files = (
				277A403722216E96006C65CC /* MainNavigationController.swift in Sources */,
				27E7FAAE221F3AF7004E87E8 /* MainViewController.swift in Sources */,
				277A4040222178FD006C65CC /* RepoViewModel.swift in Sources */,
				27E7FAAC221F3AF7004E87E8 /* AppDelegate.swift in Sources */,
				277A4057222280A9006C65CC /* ErrorView.swift in Sources */,
				277A403E2221735D006C65CC /* CommonErrors.swift in Sources */,
				277A405122227DC9006C65CC /* JSONErrrors.swift in Sources */,
				277A4026222150FA006C65CC /* GetRequest.swift in Sources */,
				277A402422214F59006C65CC /* APIPaths.swift in Sources */,
				277A403922216EC5006C65CC /* MainCoordinator.swift in Sources */,
				277A402C2221650A006C65CC /* AppCoordinator.swift in Sources */,
				27E7FACF221F43F5004E87E8 /* R.generated.swift in Sources */,
				27E7FAD3221F44F1004E87E8 /* AndroidRepoCell.swift in Sources */,
				277A4031222167FA006C65CC /* ContainerViewController.swift in Sources */,
				277A402A222164B1006C65CC /* Coordinator.swift in Sources */,
				277A404B2221A12A006C65CC /* RepoDetailsViewModel.swift in Sources */,
				277A404722219EE5006C65CC /* RepoDetailsViewController.swift in Sources */,
			);
			runOnlyForDeploymentPostprocessing = 0;
		};
		27E7FAB8221F3AF9004E87E8 /* Sources */ = {
			isa = PBXSourcesBuildPhase;
			buildActionMask = 2147483647;
			files = (
				277A405222227E1F006C65CC /* JSONErrrors.swift in Sources */,
				27E7FAC1221F3AF9004E87E8 /* ReadyTests.swift in Sources */,
				277A402822215422006C65CC /* APIPaths.swift in Sources */,
				277A404522217AEA006C65CC /* RepoViewModel.swift in Sources */,
				277A404E2221F793006C65CC /* CommonErrors.swift in Sources */,
				277A403522216DD3006C65CC /* ContainerViewController.swift in Sources */,
				277A4027222150FA006C65CC /* GetRequest.swift in Sources */,
				277A4058222280A9006C65CC /* ErrorView.swift in Sources */,
				27E7FAD0221F43F5004E87E8 /* R.generated.swift in Sources */,
				277A403A22216EC7006C65CC /* MainCoordinator.swift in Sources */,
				277A403B222170C4006C65CC /* MainNavigationController.swift in Sources */,
				277A402E222167CE006C65CC /* AppCoordinator.swift in Sources */,
				277A402D222167CC006C65CC /* AppDelegate.swift in Sources */,
				27E7FAD4221F44F1004E87E8 /* AndroidRepoCell.swift in Sources */,
				27E7FAD5221F4682004E87E8 /* MainViewController.swift in Sources */,
				277A402F222167DE006C65CC /* Coordinator.swift in Sources */,
				277A404C2221A12A006C65CC /* RepoDetailsViewModel.swift in Sources */,
				277A404822219EE5006C65CC /* RepoDetailsViewController.swift in Sources */,
			);
			runOnlyForDeploymentPostprocessing = 0;
		};
/* End PBXSourcesBuildPhase section */

/* Begin PBXTargetDependency section */
		27E7FABE221F3AF9004E87E8 /* PBXTargetDependency */ = {
			isa = PBXTargetDependency;
			target = 27E7FAA7221F3AF7004E87E8 /* Ready */;
			targetProxy = 27E7FABD221F3AF9004E87E8 /* PBXContainerItemProxy */;
		};
/* End PBXTargetDependency section */

/* Begin PBXVariantGroup section */
		27E7FAAF221F3AF7004E87E8 /* Main.storyboard */ = {
			isa = PBXVariantGroup;
			children = (
				27E7FAB0221F3AF7004E87E8 /* Base */,
			);
			name = Main.storyboard;
			sourceTree = "<group>";
		};
		27E7FAB4221F3AF9004E87E8 /* LaunchScreen.storyboard */ = {
			isa = PBXVariantGroup;
			children = (
				27E7FAB5221F3AF9004E87E8 /* Base */,
			);
			name = LaunchScreen.storyboard;
			sourceTree = "<group>";
		};
/* End PBXVariantGroup section */

/* Begin XCBuildConfiguration section */
		27E7FAC3221F3AF9004E87E8 /* Debug */ = {
			isa = XCBuildConfiguration;
			buildSettings = {
				ALWAYS_SEARCH_USER_PATHS = NO;
				CLANG_ANALYZER_NONNULL = YES;
				CLANG_ANALYZER_NUMBER_OBJECT_CONVERSION = YES_AGGRESSIVE;
				CLANG_CXX_LANGUAGE_STANDARD = "gnu++14";
				CLANG_CXX_LIBRARY = "libc++";
				CLANG_ENABLE_MODULES = YES;
				CLANG_ENABLE_OBJC_ARC = YES;
				CLANG_ENABLE_OBJC_WEAK = YES;
				CLANG_WARN_BLOCK_CAPTURE_AUTORELEASING = YES;
				CLANG_WARN_BOOL_CONVERSION = YES;
				CLANG_WARN_COMMA = YES;
				CLANG_WARN_CONSTANT_CONVERSION = YES;
				CLANG_WARN_DEPRECATED_OBJC_IMPLEMENTATIONS = YES;
				CLANG_WARN_DIRECT_OBJC_ISA_USAGE = YES_ERROR;
				CLANG_WARN_DOCUMENTATION_COMMENTS = YES;
				CLANG_WARN_EMPTY_BODY = YES;
				CLANG_WARN_ENUM_CONVERSION = YES;
				CLANG_WARN_INFINITE_RECURSION = YES;
				CLANG_WARN_INT_CONVERSION = YES;
				CLANG_WARN_NON_LITERAL_NULL_CONVERSION = YES;
				CLANG_WARN_OBJC_IMPLICIT_RETAIN_SELF = YES;
				CLANG_WARN_OBJC_LITERAL_CONVERSION = YES;
				CLANG_WARN_OBJC_ROOT_CLASS = YES_ERROR;
				CLANG_WARN_RANGE_LOOP_ANALYSIS = YES;
				CLANG_WARN_STRICT_PROTOTYPES = YES;
				CLANG_WARN_SUSPICIOUS_MOVE = YES;
				CLANG_WARN_UNGUARDED_AVAILABILITY = YES_AGGRESSIVE;
				CLANG_WARN_UNREACHABLE_CODE = YES;
				CLANG_WARN__DUPLICATE_METHOD_MATCH = YES;
				CODE_SIGN_IDENTITY = "iPhone Developer";
				COPY_PHASE_STRIP = NO;
				DEBUG_INFORMATION_FORMAT = dwarf;
				ENABLE_STRICT_OBJC_MSGSEND = YES;
				ENABLE_TESTABILITY = YES;
				GCC_C_LANGUAGE_STANDARD = gnu11;
				GCC_DYNAMIC_NO_PIC = NO;
				GCC_NO_COMMON_BLOCKS = YES;
				GCC_OPTIMIZATION_LEVEL = 0;
				GCC_PREPROCESSOR_DEFINITIONS = (
					"DEBUG=1",
					"$(inherited)",
				);
				GCC_WARN_64_TO_32_BIT_CONVERSION = YES;
				GCC_WARN_ABOUT_RETURN_TYPE = YES_ERROR;
				GCC_WARN_UNDECLARED_SELECTOR = YES;
				GCC_WARN_UNINITIALIZED_AUTOS = YES_AGGRESSIVE;
				GCC_WARN_UNUSED_FUNCTION = YES;
				GCC_WARN_UNUSED_VARIABLE = YES;
				IPHONEOS_DEPLOYMENT_TARGET = 12.1;
				MTL_ENABLE_DEBUG_INFO = INCLUDE_SOURCE;
				MTL_FAST_MATH = YES;
				ONLY_ACTIVE_ARCH = YES;
				SDKROOT = iphoneos;
				SWIFT_ACTIVE_COMPILATION_CONDITIONS = DEBUG;
				SWIFT_OPTIMIZATION_LEVEL = "-Onone";
			};
			name = Debug;
		};
		27E7FAC4221F3AF9004E87E8 /* Release */ = {
			isa = XCBuildConfiguration;
			buildSettings = {
				ALWAYS_SEARCH_USER_PATHS = NO;
				CLANG_ANALYZER_NONNULL = YES;
				CLANG_ANALYZER_NUMBER_OBJECT_CONVERSION = YES_AGGRESSIVE;
				CLANG_CXX_LANGUAGE_STANDARD = "gnu++14";
				CLANG_CXX_LIBRARY = "libc++";
				CLANG_ENABLE_MODULES = YES;
				CLANG_ENABLE_OBJC_ARC = YES;
				CLANG_ENABLE_OBJC_WEAK = YES;
				CLANG_WARN_BLOCK_CAPTURE_AUTORELEASING = YES;
				CLANG_WARN_BOOL_CONVERSION = YES;
				CLANG_WARN_COMMA = YES;
				CLANG_WARN_CONSTANT_CONVERSION = YES;
				CLANG_WARN_DEPRECATED_OBJC_IMPLEMENTATIONS = YES;
				CLANG_WARN_DIRECT_OBJC_ISA_USAGE = YES_ERROR;
				CLANG_WARN_DOCUMENTATION_COMMENTS = YES;
				CLANG_WARN_EMPTY_BODY = YES;
				CLANG_WARN_ENUM_CONVERSION = YES;
				CLANG_WARN_INFINITE_RECURSION = YES;
				CLANG_WARN_INT_CONVERSION = YES;
				CLANG_WARN_NON_LITERAL_NULL_CONVERSION = YES;
				CLANG_WARN_OBJC_IMPLICIT_RETAIN_SELF = YES;
				CLANG_WARN_OBJC_LITERAL_CONVERSION = YES;
				CLANG_WARN_OBJC_ROOT_CLASS = YES_ERROR;
				CLANG_WARN_RANGE_LOOP_ANALYSIS = YES;
				CLANG_WARN_STRICT_PROTOTYPES = YES;
				CLANG_WARN_SUSPICIOUS_MOVE = YES;
				CLANG_WARN_UNGUARDED_AVAILABILITY = YES_AGGRESSIVE;
				CLANG_WARN_UNREACHABLE_CODE = YES;
				CLANG_WARN__DUPLICATE_METHOD_MATCH = YES;
				CODE_SIGN_IDENTITY = "iPhone Developer";
				COPY_PHASE_STRIP = NO;
				DEBUG_INFORMATION_FORMAT = "dwarf-with-dsym";
				ENABLE_NS_ASSERTIONS = NO;
				ENABLE_STRICT_OBJC_MSGSEND = YES;
				GCC_C_LANGUAGE_STANDARD = gnu11;
				GCC_NO_COMMON_BLOCKS = YES;
				GCC_WARN_64_TO_32_BIT_CONVERSION = YES;
				GCC_WARN_ABOUT_RETURN_TYPE = YES_ERROR;
				GCC_WARN_UNDECLARED_SELECTOR = YES;
				GCC_WARN_UNINITIALIZED_AUTOS = YES_AGGRESSIVE;
				GCC_WARN_UNUSED_FUNCTION = YES;
				GCC_WARN_UNUSED_VARIABLE = YES;
				IPHONEOS_DEPLOYMENT_TARGET = 12.1;
				MTL_ENABLE_DEBUG_INFO = NO;
				MTL_FAST_MATH = YES;
				SDKROOT = iphoneos;
				SWIFT_COMPILATION_MODE = wholemodule;
				SWIFT_OPTIMIZATION_LEVEL = "-O";
				VALIDATE_PRODUCT = YES;
			};
			name = Release;
		};
		27E7FAC6221F3AF9004E87E8 /* Debug */ = {
			isa = XCBuildConfiguration;
			baseConfigurationReference = B7FDA528F9661C105304132A /* Pods-Ready.debug.xcconfig */;
			buildSettings = {
				ASSETCATALOG_COMPILER_APPICON_NAME = AppIcon;
				CODE_SIGN_STYLE = Automatic;
				DEVELOPMENT_TEAM = 6M27TE2HPU;
				INFOPLIST_FILE = Ready/Info.plist;
				LD_RUNPATH_SEARCH_PATHS = (
					"$(inherited)",
					"@executable_path/Frameworks",
				);
				PRODUCT_BUNDLE_IDENTIFIER = m.Ready;
				PRODUCT_NAME = "$(TARGET_NAME)";
				SWIFT_VERSION = 4.2;
				TARGETED_DEVICE_FAMILY = 1;
			};
			name = Debug;
		};
		27E7FAC7221F3AF9004E87E8 /* Release */ = {
			isa = XCBuildConfiguration;
			baseConfigurationReference = 6DF5CA6FD70323DE4B583D06 /* Pods-Ready.release.xcconfig */;
			buildSettings = {
				ASSETCATALOG_COMPILER_APPICON_NAME = AppIcon;
				CODE_SIGN_STYLE = Automatic;
				DEVELOPMENT_TEAM = 6M27TE2HPU;
				INFOPLIST_FILE = Ready/Info.plist;
				LD_RUNPATH_SEARCH_PATHS = (
					"$(inherited)",
					"@executable_path/Frameworks",
				);
				PRODUCT_BUNDLE_IDENTIFIER = m.Ready;
				PRODUCT_NAME = "$(TARGET_NAME)";
				SWIFT_VERSION = 4.2;
				TARGETED_DEVICE_FAMILY = 1;
			};
			name = Release;
		};
		27E7FAC9221F3AF9004E87E8 /* Debug */ = {
			isa = XCBuildConfiguration;
			baseConfigurationReference = B7A902E099B16A425F5F4560 /* Pods-ReadyTests.debug.xcconfig */;
			buildSettings = {
				ALWAYS_EMBED_SWIFT_STANDARD_LIBRARIES = YES;
				BUNDLE_LOADER = "$(TEST_HOST)";
				CODE_SIGN_STYLE = Automatic;
				DEVELOPMENT_TEAM = 6M27TE2HPU;
				INFOPLIST_FILE = ReadyTests/Info.plist;
				LD_RUNPATH_SEARCH_PATHS = (
					"$(inherited)",
					"@executable_path/Frameworks",
					"@loader_path/Frameworks",
				);
				PRODUCT_BUNDLE_IDENTIFIER = m.ReadyTests;
				PRODUCT_NAME = "$(TARGET_NAME)";
				SWIFT_VERSION = 4.2;
				TARGETED_DEVICE_FAMILY = "1,2";
				TEST_HOST = "$(BUILT_PRODUCTS_DIR)/Ready.app/Ready";
			};
			name = Debug;
		};
		27E7FACA221F3AF9004E87E8 /* Release */ = {
			isa = XCBuildConfiguration;
			baseConfigurationReference = 740B938002B7E4FA6A8AFAD6 /* Pods-ReadyTests.release.xcconfig */;
			buildSettings = {
				ALWAYS_EMBED_SWIFT_STANDARD_LIBRARIES = YES;
				BUNDLE_LOADER = "$(TEST_HOST)";
				CODE_SIGN_STYLE = Automatic;
				DEVELOPMENT_TEAM = 6M27TE2HPU;
				INFOPLIST_FILE = ReadyTests/Info.plist;
				LD_RUNPATH_SEARCH_PATHS = (
					"$(inherited)",
					"@executable_path/Frameworks",
					"@loader_path/Frameworks",
				);
				PRODUCT_BUNDLE_IDENTIFIER = m.ReadyTests;
				PRODUCT_NAME = "$(TARGET_NAME)";
				SWIFT_VERSION = 4.2;
				TARGETED_DEVICE_FAMILY = "1,2";
				TEST_HOST = "$(BUILT_PRODUCTS_DIR)/Ready.app/Ready";
			};
			name = Release;
		};
/* End XCBuildConfiguration section */

/* Begin XCConfigurationList section */
		27E7FAA3221F3AF7004E87E8 /* Build configuration list for PBXProject "Ready" */ = {
			isa = XCConfigurationList;
			buildConfigurations = (
				27E7FAC3221F3AF9004E87E8 /* Debug */,
				27E7FAC4221F3AF9004E87E8 /* Release */,
			);
			defaultConfigurationIsVisible = 0;
			defaultConfigurationName = Release;
		};
		27E7FAC5221F3AF9004E87E8 /* Build configuration list for PBXNativeTarget "Ready" */ = {
			isa = XCConfigurationList;
			buildConfigurations = (
				27E7FAC6221F3AF9004E87E8 /* Debug */,
				27E7FAC7221F3AF9004E87E8 /* Release */,
			);
			defaultConfigurationIsVisible = 0;
			defaultConfigurationName = Release;
		};
		27E7FAC8221F3AF9004E87E8 /* Build configuration list for PBXNativeTarget "ReadyTests" */ = {
			isa = XCConfigurationList;
			buildConfigurations = (
				27E7FAC9221F3AF9004E87E8 /* Debug */,
				27E7FACA221F3AF9004E87E8 /* Release */,
			);
			defaultConfigurationIsVisible = 0;
			defaultConfigurationName = Release;
		};
/* End XCConfigurationList section */
	};
	rootObject = 27E7FAA0221F3AF7004E87E8 /* Project object */;
}
